%{"benchee": {:hex, :benchee, "0.4.0", "1c7c5bd4917490b4dd4038876875e6994d9657d3a1865ffcec62a7b73b5fd809", [:mix], []},
  "eredis": {:git, "https://github.com/wooga/eredis.git", "cbc013f516e464706493c01662e5e9dd82d1db01", [tag: "v1.0.8"]},
  "eredis_sync": {:git, "https://github.com/funbox/eredis_sync.git", "548b452d3ce0825b8a6041407cd460f04ea7a148", [tag: "v0.1.0"]}}
